<?xml version="1.0" encoding="utf-8"?>
<Project ToolsVersion="4.0" xmlns="http://schemas.microsoft.com/developer/msbuild/2003">
  <ItemGroup>
    <ClInclude Include="stdafx.h" />
    <ClInclude Include="Renderer.h" />
    <ClInclude Include="IRenderer.h" />
    <ClInclude Include="RendererEnums.h" />
    <ClInclude Include="RendererStructs.h" />
    <ClInclude Include="Color.h" />
    <ClInclude Include="IInputLayout.h" />
    <ClInclude Include="IRenderState.h" />
    <ClInclude Include="IRenderTarget.h" />
    <ClInclude Include="IRenderTargetListener.h" />
    <ClInclude Include="IShader.h" />
    <ClInclude Include="ITexture.h" />
    <ClInclude Include="IVertexBuffer.h" />
    <ClInclude Include="IIndexBuffer.h" />
  </ItemGroup>
  <ItemGroup>
    <ClCompile Include="Renderer.cpp" />
    <ClCompile Include="stdafx.cpp" />
    <ClCompile Include="RendererEnums.cpp" />
    <ClCompile Include="Color.cpp" />
  </ItemGroup>
</Project>